
Microsoft Visual Studio Solution File, Format Version 12.00
# Visual Studio Version 16
VisualStudioVersion = 16.0.29215.179
MinimumVisualStudioVersion = 10.0.40219.1
Project("{FAE04EC0-301F-11D3-BF4B-00C04F79EFBC}") = "CashRegister", "CashRegister\CashRegister.csproj", "{32A6AA6F-3D8C-45ED-AAB3-7C1EAC7C5888}"
EndProject
Global
	GlobalSection(SolutionConfigurationPlatforms) = preSolution
		Debug|Any CPU = Debug|Any CPU
		Release|Any CPU = Release|Any CPU
	EndGlobalSection
	GlobalSection(ProjectConfigurationPlatforms) = postSolution
		{32A6AA6F-3D8C-45ED-AAB3-7C1EAC7C5888}.Debug|Any CPU.ActiveCfg = Debug|Any CPU
		{32A6AA6F-3D8C-45ED-AAB3-7C1EAC7C5888}.Debug|Any CPU.Build.0 = Debug|Any CPU
		{32A6AA6F-3D8C-45ED-AAB3-7C1EAC7C5888}.Release|Any CPU.ActiveCfg = Release|Any CPU
		{32A6AA6F-3D8C-45ED-AAB3-7C1EAC7C5888}.Release|Any CPU.Build.0 = Release|Any CPU
	EndGlobalSection
	GlobalSection(SolutionProperties) = preSolution
		HideSolutionNode = FALSE
	EndGlobalSection
	GlobalSection(ExtensibilityGlobals) = postSolution
		SolutionGuid = {20AC009C-C785-4AD0-A9D3-40512C5CB7B3}
	EndGlobalSection
EndGlobal
